
Microsoft Visual Studio Solution File, Format Version 12.00
# Visual Studio Version 17
VisualStudioVersion = 17.8.34525.116
MinimumVisualStudioVersion = 10.0.40219.1
Project("{FAE04EC0-301F-11D3-BF4B-00C04F79EFBC}") = "SisGeradorDeRa", "SisGeradorDeRa\SisGeradorDeRa.csproj", "{4315099B-99A9-460A-846A-A4FD32375B2F}"
EndProject
Project("{FAE04EC0-301F-11D3-BF4B-00C04F79EFBC}") = "SisGeradorDeRa.BE", "SisGeradorDeRa.BE\SisGeradorDeRa.BE.csproj", "{854368B9-F7B0-4F9E-8A6E-40DD58ED2DDC}"
EndProject
Global
	GlobalSection(SolutionConfigurationPlatforms) = preSolution
		Debug|Any CPU = Debug|Any CPU
		Release|Any CPU = Release|Any CPU
	EndGlobalSection
	GlobalSection(ProjectConfigurationPlatforms) = postSolution
		{4315099B-99A9-460A-846A-A4FD32375B2F}.Debug|Any CPU.ActiveCfg = Debug|Any CPU
		{4315099B-99A9-460A-846A-A4FD32375B2F}.Debug|Any CPU.Build.0 = Debug|Any CPU
		{4315099B-99A9-460A-846A-A4FD32375B2F}.Release|Any CPU.ActiveCfg = Release|Any CPU
		{4315099B-99A9-460A-846A-A4FD32375B2F}.Release|Any CPU.Build.0 = Release|Any CPU
		{854368B9-F7B0-4F9E-8A6E-40DD58ED2DDC}.Debug|Any CPU.ActiveCfg = Debug|Any CPU
		{854368B9-F7B0-4F9E-8A6E-40DD58ED2DDC}.Debug|Any CPU.Build.0 = Debug|Any CPU
		{854368B9-F7B0-4F9E-8A6E-40DD58ED2DDC}.Release|Any CPU.ActiveCfg = Release|Any CPU
		{854368B9-F7B0-4F9E-8A6E-40DD58ED2DDC}.Release|Any CPU.Build.0 = Release|Any CPU
	EndGlobalSection
	GlobalSection(SolutionProperties) = preSolution
		HideSolutionNode = FALSE
	EndGlobalSection
	GlobalSection(ExtensibilityGlobals) = postSolution
		SolutionGuid = {E13A5DFE-D2BA-4CCC-8FFD-BBB658B36FB5}
	EndGlobalSection
EndGlobal
