
Microsoft Visual Studio Solution File, Format Version 12.00
# Visual Studio Version 17
VisualStudioVersion = 17.13.35828.75 d17.13
MinimumVisualStudioVersion = 10.0.40219.1
Project("{FAE04EC0-301F-11D3-BF4B-00C04F79EFBC}") = "GameManager.View", "GameManager.View\GameManager.View.csproj", "{2D26376B-C4DE-435B-96B8-4FAD95AC954E}"
EndProject
Global
	GlobalSection(SolutionConfigurationPlatforms) = preSolution
		Debug|Any CPU = Debug|Any CPU
		Release|Any CPU = Release|Any CPU
	EndGlobalSection
	GlobalSection(ProjectConfigurationPlatforms) = postSolution
		{2D26376B-C4DE-435B-96B8-4FAD95AC954E}.Debug|Any CPU.ActiveCfg = Debug|Any CPU
		{2D26376B-C4DE-435B-96B8-4FAD95AC954E}.Debug|Any CPU.Build.0 = Debug|Any CPU
		{2D26376B-C4DE-435B-96B8-4FAD95AC954E}.Release|Any CPU.ActiveCfg = Release|Any CPU
		{2D26376B-C4DE-435B-96B8-4FAD95AC954E}.Release|Any CPU.Build.0 = Release|Any CPU
	EndGlobalSection
	GlobalSection(SolutionProperties) = preSolution
		HideSolutionNode = FALSE
	EndGlobalSection
	GlobalSection(ExtensibilityGlobals) = postSolution
		SolutionGuid = {2EC1EBC0-34E4-4028-B990-E15AF395D4C5}
	EndGlobalSection
EndGlobal
