
Microsoft Visual Studio Solution File, Format Version 12.00
# Visual Studio Version 17
VisualStudioVersion = 17.8.34525.116
MinimumVisualStudioVersion = 10.0.40219.1
Project("{FAE04EC0-301F-11D3-BF4B-00C04F79EFBC}") = "SisGen_Eventos", "SisGen_Eventos\SisGen_Eventos.csproj", "{24D640A4-D66F-40CD-9E83-9204B7DF7173}"
EndProject
Global
	GlobalSection(SolutionConfigurationPlatforms) = preSolution
		Debug|Any CPU = Debug|Any CPU
		Release|Any CPU = Release|Any CPU
	EndGlobalSection
	GlobalSection(ProjectConfigurationPlatforms) = postSolution
		{24D640A4-D66F-40CD-9E83-9204B7DF7173}.Debug|Any CPU.ActiveCfg = Debug|Any CPU
		{24D640A4-D66F-40CD-9E83-9204B7DF7173}.Debug|Any CPU.Build.0 = Debug|Any CPU
		{24D640A4-D66F-40CD-9E83-9204B7DF7173}.Release|Any CPU.ActiveCfg = Release|Any CPU
		{24D640A4-D66F-40CD-9E83-9204B7DF7173}.Release|Any CPU.Build.0 = Release|Any CPU
	EndGlobalSection
	GlobalSection(SolutionProperties) = preSolution
		HideSolutionNode = FALSE
	EndGlobalSection
	GlobalSection(ExtensibilityGlobals) = postSolution
		SolutionGuid = {B566C2E9-EC8B-4741-855E-E9686C7F4844}
	EndGlobalSection
EndGlobal
