
Microsoft Visual Studio Solution File, Format Version 12.00
# Visual Studio Version 17
VisualStudioVersion = 17.13.35828.75 d17.13
MinimumVisualStudioVersion = 10.0.40219.1
Project("{FAE04EC0-301F-11D3-BF4B-00C04F79EFBC}") = "ExCourses", "ExCourses\ExCourses.csproj", "{FF32D2A5-7DF7-4FC2-95DA-6E9B94086E3B}"
EndProject
Global
	GlobalSection(SolutionConfigurationPlatforms) = preSolution
		Debug|Any CPU = Debug|Any CPU
		Release|Any CPU = Release|Any CPU
	EndGlobalSection
	GlobalSection(ProjectConfigurationPlatforms) = postSolution
		{FF32D2A5-7DF7-4FC2-95DA-6E9B94086E3B}.Debug|Any CPU.ActiveCfg = Debug|Any CPU
		{FF32D2A5-7DF7-4FC2-95DA-6E9B94086E3B}.Debug|Any CPU.Build.0 = Debug|Any CPU
		{FF32D2A5-7DF7-4FC2-95DA-6E9B94086E3B}.Release|Any CPU.ActiveCfg = Release|Any CPU
		{FF32D2A5-7DF7-4FC2-95DA-6E9B94086E3B}.Release|Any CPU.Build.0 = Release|Any CPU
	EndGlobalSection
	GlobalSection(SolutionProperties) = preSolution
		HideSolutionNode = FALSE
	EndGlobalSection
	GlobalSection(ExtensibilityGlobals) = postSolution
		SolutionGuid = {184F8F5C-CD77-4F1E-8B08-C19C18758BF1}
	EndGlobalSection
EndGlobal
