
Microsoft Visual Studio Solution File, Format Version 12.00
# Visual Studio Version 17
VisualStudioVersion = 17.8.34525.116
MinimumVisualStudioVersion = 10.0.40219.1
Project("{FAE04EC0-301F-11D3-BF4B-00C04F79EFBC}") = "SisGenAccount", "SisGenAccount\SisGenAccount.csproj", "{948F7AA1-5C0A-411A-9B3C-4B331D42F9C2}"
EndProject
Global
	GlobalSection(SolutionConfigurationPlatforms) = preSolution
		Debug|Any CPU = Debug|Any CPU
		Release|Any CPU = Release|Any CPU
	EndGlobalSection
	GlobalSection(ProjectConfigurationPlatforms) = postSolution
		{948F7AA1-5C0A-411A-9B3C-4B331D42F9C2}.Debug|Any CPU.ActiveCfg = Debug|Any CPU
		{948F7AA1-5C0A-411A-9B3C-4B331D42F9C2}.Debug|Any CPU.Build.0 = Debug|Any CPU
		{948F7AA1-5C0A-411A-9B3C-4B331D42F9C2}.Release|Any CPU.ActiveCfg = Release|Any CPU
		{948F7AA1-5C0A-411A-9B3C-4B331D42F9C2}.Release|Any CPU.Build.0 = Release|Any CPU
	EndGlobalSection
	GlobalSection(SolutionProperties) = preSolution
		HideSolutionNode = FALSE
	EndGlobalSection
	GlobalSection(ExtensibilityGlobals) = postSolution
		SolutionGuid = {5D3FA7BF-D092-4C81-A32C-C30680A4E0D7}
	EndGlobalSection
EndGlobal
